
Microsoft Visual Studio Solution File, Format Version 12.00
# Visual Studio Version 16
VisualStudioVersion = 16.0.31702.278
MinimumVisualStudioVersion = 10.0.40219.1
Project("{8BC9CEB8-8B4A-11D0-8D11-00A0C91BC942}") = "CudaLibrary", "CudaLibrary\CudaLibrary.vcxproj", "{D0DB3CE2-FFD6-4E6B-8F47-09EE6AC7F131}"
EndProject
Global
	GlobalSection(SolutionConfigurationPlatforms) = preSolution
		Debug|x64 = Debug|x64
		Release|x64 = Release|x64
	EndGlobalSection
	GlobalSection(ProjectConfigurationPlatforms) = postSolution
		{D0DB3CE2-FFD6-4E6B-8F47-09EE6AC7F131}.Debug|x64.ActiveCfg = Debug|x64
		{D0DB3CE2-FFD6-4E6B-8F47-09EE6AC7F131}.Debug|x64.Build.0 = Debug|x64
		{D0DB3CE2-FFD6-4E6B-8F47-09EE6AC7F131}.Release|x64.ActiveCfg = Release|x64
		{D0DB3CE2-FFD6-4E6B-8F47-09EE6AC7F131}.Release|x64.Build.0 = Release|x64
	EndGlobalSection
	GlobalSection(SolutionProperties) = preSolution
		HideSolutionNode = FALSE
	EndGlobalSection
	GlobalSection(ExtensibilityGlobals) = postSolution
		SolutionGuid = {7509134C-53C0-4D5B-9D78-6303EEBED49B}
	EndGlobalSection
EndGlobal
